// !$*UTF8*$!
{
	archiveVersion = 1;
	classes = {
	};
	objectVersion = 46;
	objects = {

/* Begin PBXBuildFile section */
		409356081C62FBFF000DE41A /* AppDelegate.swift in Sources */ = {isa = PBXBuildFile; fileRef = 409356071C62FBFF000DE41A /* AppDelegate.swift */; };
		4093560A1C62FBFF000DE41A /* ViewController.swift in Sources */ = {isa = PBXBuildFile; fileRef = 409356091C62FBFF000DE41A /* ViewController.swift */; };
		4093560D1C62FBFF000DE41A /* Main.storyboard in Resources */ = {isa = PBXBuildFile; fileRef = 4093560B1C62FBFF000DE41A /* Main.storyboard */; };
		4093560F1C62FBFF000DE41A /* Assets.xcassets in Resources */ = {isa = PBXBuildFile; fileRef = 4093560E1C62FBFF000DE41A /* Assets.xcassets */; };
		409356121C62FBFF000DE41A /* LaunchScreen.storyboard in Resources */ = {isa = PBXBuildFile; fileRef = 409356101C62FBFF000DE41A /* LaunchScreen.storyboard */; };
		4093561D1C62FBFF000DE41A /* ImageAnnotationDemoTests.swift in Sources */ = {isa = PBXBuildFile; fileRef = 4093561C1C62FBFF000DE41A /* ImageAnnotationDemoTests.swift */; };
		409356281C632C2F000DE41A /* AnnotationViewController.swift in Sources */ = {isa = PBXBuildFile; fileRef = 409356271C632C2F000DE41A /* AnnotationViewController.swift */; };
/* End PBXBuildFile section */

/* Begin PBXContainerItemProxy section */
		409356191C62FBFF000DE41A /* PBXContainerItemProxy */ = {
			isa = PBXContainerItemProxy;
			containerPortal = 409355FC1C62FBFF000DE41A /* Project object */;
			proxyType = 1;
			remoteGlobalIDString = 409356031C62FBFF000DE41A;
			remoteInfo = ImageAnnotationDemo;
		};
/* End PBXContainerItemProxy section */

/* Begin PBXFileReference section */
		409356041C62FBFF000DE41A /* ImageAnnotationDemo.app */ = {isa = PBXFileReference; explicitFileType = wrapper.application; includeInIndex = 0; path = ImageAnnotationDemo.app; sourceTree = BUILT_PRODUCTS_DIR; };
		409356071C62FBFF000DE41A /* AppDelegate.swift */ = {isa = PBXFileReference; lastKnownFileType = sourcecode.swift; path = AppDelegate.swift; sourceTree = "<group>"; };
		409356091C62FBFF000DE41A /* ViewController.swift */ = {isa = PBXFileReference; lastKnownFileType = sourcecode.swift; path = ViewController.swift; sourceTree = "<group>"; };
		4093560C1C62FBFF000DE41A /* Base */ = {isa = PBXFileReference; lastKnownFileType = file.storyboard; name = Base; path = Base.lproj/Main.storyboard; sourceTree = "<group>"; };
		4093560E1C62FBFF000DE41A /* Assets.xcassets */ = {isa = PBXFileReference; lastKnownFileType = folder.assetcatalog; path = Assets.xcassets; sourceTree = "<group>"; };
		409356111C62FBFF000DE41A /* Base */ = {isa = PBXFileReference; lastKnownFileType = file.storyboard; name = Base; path = Base.lproj/LaunchScreen.storyboard; sourceTree = "<group>"; };
		409356131C62FBFF000DE41A /* Info.plist */ = {isa = PBXFileReference; lastKnownFileType = text.plist.xml; path = Info.plist; sourceTree = "<group>"; };
		409356181C62FBFF000DE41A /* ImageAnnotationDemoTests.xctest */ = {isa = PBXFileReference; explicitFileType = wrapper.cfbundle; includeInIndex = 0; path = ImageAnnotationDemoTests.xctest; sourceTree = BUILT_PRODUCTS_DIR; };
		4093561C1C62FBFF000DE41A /* ImageAnnotationDemoTests.swift */ = {isa = PBXFileReference; lastKnownFileType = sourcecode.swift; path = ImageAnnotationDemoTests.swift; sourceTree = "<group>"; };
		4093561E1C62FBFF000DE41A /* Info.plist */ = {isa = PBXFileReference; lastKnownFileType = text.plist.xml; path = Info.plist; sourceTree = "<group>"; };
		409356271C632C2F000DE41A /* AnnotationViewController.swift */ = {isa = PBXFileReference; fileEncoding = 4; lastKnownFileType = sourcecode.swift; path = AnnotationViewController.swift; sourceTree = "<group>"; };
/* End PBXFileReference section */

/* Begin PBXFrameworksBuildPhase section */
		409356011C62FBFF000DE41A /* Frameworks */ = {
			isa = PBXFrameworksBuildPhase;
			buildActionMask = 2147483647;
			files = (
			);
			runOnlyForDeploymentPostprocessing = 0;
		};
		409356151C62FBFF000DE41A /* Frameworks */ = {
			isa = PBXFrameworksBuildPhase;
			buildActionMask = 2147483647;
			files = (
			);
			runOnlyForDeploymentPostprocessing = 0;
		};
/* End PBXFrameworksBuildPhase section */

/* Begin PBXGroup section */
		409355FB1C62FBFF000DE41A = {
			isa = PBXGroup;
			children = (
				409356061C62FBFF000DE41A /* ImageAnnotationDemo */,
				4093561B1C62FBFF000DE41A /* ImageAnnotationDemoTests */,
				409356051C62FBFF000DE41A /* Products */,
			);
			sourceTree = "<group>";
		};
		409356051C62FBFF000DE41A /* Products */ = {
			isa = PBXGroup;
			children = (
				409356041C62FBFF000DE41A /* ImageAnnotationDemo.app */,
				409356181C62FBFF000DE41A /* ImageAnnotationDemoTests.xctest */,
			);
			name = Products;
			sourceTree = "<group>";
		};
		409356061C62FBFF000DE41A /* ImageAnnotationDemo */ = {
			isa = PBXGroup;
			children = (
				409356071C62FBFF000DE41A /* AppDelegate.swift */,
				409356091C62FBFF000DE41A /* ViewController.swift */,
				4093560B1C62FBFF000DE41A /* Main.storyboard */,
				4093560E1C62FBFF000DE41A /* Assets.xcassets */,
				409356101C62FBFF000DE41A /* LaunchScreen.storyboard */,
				409356131C62FBFF000DE41A /* Info.plist */,
				409356271C632C2F000DE41A /* AnnotationViewController.swift */,
			);
			path = ImageAnnotationDemo;
			sourceTree = "<group>";
		};
		4093561B1C62FBFF000DE41A /* ImageAnnotationDemoTests */ = {
			isa = PBXGroup;
			children = (
				4093561C1C62FBFF000DE41A /* ImageAnnotationDemoTests.swift */,
				4093561E1C62FBFF000DE41A /* Info.plist */,
			);
			path = ImageAnnotationDemoTests;
			sourceTree = "<group>";
		};
/* End PBXGroup section */

/* Begin PBXNativeTarget section */
		409356031C62FBFF000DE41A /* ImageAnnotationDemo */ = {
			isa = PBXNativeTarget;
			buildConfigurationList = 409356211C62FBFF000DE41A /* Build configuration list for PBXNativeTarget "ImageAnnotationDemo" */;
			buildPhases = (
				409356001C62FBFF000DE41A /* Sources */,
				409356011C62FBFF000DE41A /* Frameworks */,
				409356021C62FBFF000DE41A /* Resources */,
			);
			buildRules = (
			);
			dependencies = (
			);
			name = ImageAnnotationDemo;
			productName = ImageAnnotationDemo;
			productReference = 409356041C62FBFF000DE41A /* ImageAnnotationDemo.app */;
			productType = "com.apple.product-type.application";
		};
		409356171C62FBFF000DE41A /* ImageAnnotationDemoTests */ = {
			isa = PBXNativeTarget;
			buildConfigurationList = 409356241C62FBFF000DE41A /* Build configuration list for PBXNativeTarget "ImageAnnotationDemoTests" */;
			buildPhases = (
				409356141C62FBFF000DE41A /* Sources */,
				409356151C62FBFF000DE41A /* Frameworks */,
				409356161C62FBFF000DE41A /* Resources */,
			);
			buildRules = (
			);
			dependencies = (
				4093561A1C62FBFF000DE41A /* PBXTargetDependency */,
			);
			name = ImageAnnotationDemoTests;
			productName = ImageAnnotationDemoTests;
			productReference = 409356181C62FBFF000DE41A /* ImageAnnotationDemoTests.xctest */;
			productType = "com.apple.product-type.bundle.unit-test";
		};
/* End PBXNativeTarget section */

/* Begin PBXProject section */
		409355FC1C62FBFF000DE41A /* Project object */ = {
			isa = PBXProject;
			attributes = {
				LastSwiftUpdateCheck = 0720;
				LastUpgradeCheck = 0720;
				ORGANIZATIONNAME = "Zhu Lin";
				TargetAttributes = {
					409356031C62FBFF000DE41A = {
						CreatedOnToolsVersion = 7.2;
					};
					409356171C62FBFF000DE41A = {
						CreatedOnToolsVersion = 7.2;
						TestTargetID = 409356031C62FBFF000DE41A;
					};
				};
			};
			buildConfigurationList = 409355FF1C62FBFF000DE41A /* Build configuration list for PBXProject "ImageAnnotationDemo" */;
			compatibilityVersion = "Xcode 3.2";
			developmentRegion = English;
			hasScannedForEncodings = 0;
			knownRegions = (
				en,
				Base,
			);
			mainGroup = 409355FB1C62FBFF000DE41A;
			productRefGroup = 409356051C62FBFF000DE41A /* Products */;
			projectDirPath = "";
			projectRoot = "";
			targets = (
				409356031C62FBFF000DE41A /* ImageAnnotationDemo */,
				409356171C62FBFF000DE41A /* ImageAnnotationDemoTests */,
			);
		};
/* End PBXProject section */

/* Begin PBXResourcesBuildPhase section */
		409356021C62FBFF000DE41A /* Resources */ = {
			isa = PBXResourcesBuildPhase;
			buildActionMask = 2147483647;
			files = (
				409356121C62FBFF000DE41A /* LaunchScreen.storyboard in Resources */,
				4093560F1C62FBFF000DE41A /* Assets.xcassets in Resources */,
				4093560D1C62FBFF000DE41A /* Main.storyboard in Resources */,
			);
			runOnlyForDeploymentPostprocessing = 0;
		};
		409356161C62FBFF000DE41A /* Resources */ = {
			isa = PBXResourcesBuildPhase;
			buildActionMask = 2147483647;
			files = (
			);
			runOnlyForDeploymentPostprocessing = 0;
		};
/* End PBXResourcesBuildPhase section */

/* Begin PBXSourcesBuildPhase section */
		409356001C62FBFF000DE41A /* Sources */ = {
			isa = PBXSourcesBuildPhase;
			buildActionMask = 2147483647;
			files = (
				409356281C632C2F000DE41A /* AnnotationViewController.swift in Sources */,
				4093560A1C62FBFF000DE41A /* ViewController.swift in Sources */,
				409356081C62FBFF000DE41A /* AppDelegate.swift in Sources */,
			);
			runOnlyForDeploymentPostprocessing = 0;
		};
		409356141C62FBFF000DE41A /* Sources */ = {
			isa = PBXSourcesBuildPhase;
			buildActionMask = 2147483647;
			files = (
				4093561D1C62FBFF000DE41A /* ImageAnnotationDemoTests.swift in Sources */,
			);
			runOnlyForDeploymentPostprocessing = 0;
		};
/* End PBXSourcesBuildPhase section */

/* Begin PBXTargetDependency section */
		4093561A1C62FBFF000DE41A /* PBXTargetDependency */ = {
			isa = PBXTargetDependency;
			target = 409356031C62FBFF000DE41A /* ImageAnnotationDemo */;
			targetProxy = 409356191C62FBFF000DE41A /* PBXContainerItemProxy */;
		};
/* End PBXTargetDependency section */

/* Begin PBXVariantGroup section */
		4093560B1C62FBFF000DE41A /* Main.storyboard */ = {
			isa = PBXVariantGroup;
			children = (
				4093560C1C62FBFF000DE41A /* Base */,
			);
			name = Main.storyboard;
			sourceTree = "<group>";
		};
		409356101C62FBFF000DE41A /* LaunchScreen.storyboard */ = {
			isa = PBXVariantGroup;
			children = (
				409356111C62FBFF000DE41A /* Base */,
			);
			name = LaunchScreen.storyboard;
			sourceTree = "<group>";
		};
/* End PBXVariantGroup section */

/* Begin XCBuildConfiguration section */
		4093561F1C62FBFF000DE41A /* Debug */ = {
			isa = XCBuildConfiguration;
			buildSettings = {
				ALWAYS_SEARCH_USER_PATHS = NO;
				CLANG_CXX_LANGUAGE_STANDARD = "gnu++0x";
				CLANG_CXX_LIBRARY = "libc++";
				CLANG_ENABLE_MODULES = YES;
				CLANG_ENABLE_OBJC_ARC = YES;
				CLANG_WARN_BOOL_CONVERSION = YES;
				CLANG_WARN_CONSTANT_CONVERSION = YES;
				CLANG_WARN_DIRECT_OBJC_ISA_USAGE = YES_ERROR;
				CLANG_WARN_EMPTY_BODY = YES;
				CLANG_WARN_ENUM_CONVERSION = YES;
				CLANG_WARN_INT_CONVERSION = YES;
				CLANG_WARN_OBJC_ROOT_CLASS = YES_ERROR;
				CLANG_WARN_UNREACHABLE_CODE = YES;
				CLANG_WARN__DUPLICATE_METHOD_MATCH = YES;
				"CODE_SIGN_IDENTITY[sdk=iphoneos*]" = "iPhone Developer";
				COPY_PHASE_STRIP = NO;
				DEBUG_INFORMATION_FORMAT = dwarf;
				ENABLE_STRICT_OBJC_MSGSEND = YES;
				ENABLE_TESTABILITY = YES;
				GCC_C_LANGUAGE_STANDARD = gnu99;
				GCC_DYNAMIC_NO_PIC = NO;
				GCC_NO_COMMON_BLOCKS = YES;
				GCC_OPTIMIZATION_LEVEL = 0;
				GCC_PREPROCESSOR_DEFINITIONS = (
					"DEBUG=1",
					"$(inherited)",
				);
				GCC_WARN_64_TO_32_BIT_CONVERSION = YES;
				GCC_WARN_ABOUT_RETURN_TYPE = YES_ERROR;
				GCC_WARN_UNDECLARED_SELECTOR = YES;
				GCC_WARN_UNINITIALIZED_AUTOS = YES_AGGRESSIVE;
				GCC_WARN_UNUSED_FUNCTION = YES;
				GCC_WARN_UNUSED_VARIABLE = YES;
				IPHONEOS_DEPLOYMENT_TARGET = 9.2;
				MTL_ENABLE_DEBUG_INFO = YES;
				ONLY_ACTIVE_ARCH = YES;
				SDKROOT = iphoneos;
				SWIFT_OPTIMIZATION_LEVEL = "-Onone";
				TARGETED_DEVICE_FAMILY = "1,2";
			};
			name = Debug;
		};
		409356201C62FBFF000DE41A /* Release */ = {
			isa = XCBuildConfiguration;
			buildSettings = {
				ALWAYS_SEARCH_USER_PATHS = NO;
				CLANG_CXX_LANGUAGE_STANDARD = "gnu++0x";
				CLANG_CXX_LIBRARY = "libc++";
				CLANG_ENABLE_MODULES = YES;
				CLANG_ENABLE_OBJC_ARC = YES;
				CLANG_WARN_BOOL_CONVERSION = YES;
				CLANG_WARN_CONSTANT_CONVERSION = YES;
				CLANG_WARN_DIRECT_OBJC_ISA_USAGE = YES_ERROR;
				CLANG_WARN_EMPTY_BODY = YES;
				CLANG_WARN_ENUM_CONVERSION = YES;
				CLANG_WARN_INT_CONVERSION = YES;
				CLANG_WARN_OBJC_ROOT_CLASS = YES_ERROR;
				CLANG_WARN_UNREACHABLE_CODE = YES;
				CLANG_WARN__DUPLICATE_METHOD_MATCH = YES;
				"CODE_SIGN_IDENTITY[sdk=iphoneos*]" = "iPhone Developer";
				COPY_PHASE_STRIP = NO;
				DEBUG_INFORMATION_FORMAT = "dwarf-with-dsym";
				ENABLE_NS_ASSERTIONS = NO;
				ENABLE_STRICT_OBJC_MSGSEND = YES;
				GCC_C_LANGUAGE_STANDARD = gnu99;
				GCC_NO_COMMON_BLOCKS = YES;
				GCC_WARN_64_TO_32_BIT_CONVERSION = YES;
				GCC_WARN_ABOUT_RETURN_TYPE = YES_ERROR;
				GCC_WARN_UNDECLARED_SELECTOR = YES;
				GCC_WARN_UNINITIALIZED_AUTOS = YES_AGGRESSIVE;
				GCC_WARN_UNUSED_FUNCTION = YES;
				GCC_WARN_UNUSED_VARIABLE = YES;
				IPHONEOS_DEPLOYMENT_TARGET = 9.2;
				MTL_ENABLE_DEBUG_INFO = NO;
				SDKROOT = iphoneos;
				TARGETED_DEVICE_FAMILY = "1,2";
				VALIDATE_PRODUCT = YES;
			};
			name = Release;
		};
		409356221C62FBFF000DE41A /* Debug */ = {
			isa = XCBuildConfiguration;
			buildSettings = {
				ASSETCATALOG_COMPILER_APPICON_NAME = AppIcon;
				INFOPLIST_FILE = ImageAnnotationDemo/Info.plist;
				LD_RUNPATH_SEARCH_PATHS = "$(inherited) @executable_path/Frameworks";
				PRODUCT_BUNDLE_IDENTIFIER = nova.com.ImageAnnotationDemo;
				PRODUCT_NAME = "$(TARGET_NAME)";
			};
			name = Debug;
		};
		409356231C62FBFF000DE41A /* Release */ = {
			isa = XCBuildConfiguration;
			buildSettings = {
				ASSETCATALOG_COMPILER_APPICON_NAME = AppIcon;
				INFOPLIST_FILE = ImageAnnotationDemo/Info.plist;
				LD_RUNPATH_SEARCH_PATHS = "$(inherited) @executable_path/Frameworks";
				PRODUCT_BUNDLE_IDENTIFIER = nova.com.ImageAnnotationDemo;
				PRODUCT_NAME = "$(TARGET_NAME)";
			};
			name = Release;
		};
		409356251C62FBFF000DE41A /* Debug */ = {
			isa = XCBuildConfiguration;
			buildSettings = {
				BUNDLE_LOADER = "$(TEST_HOST)";
				INFOPLIST_FILE = ImageAnnotationDemoTests/Info.plist;
				LD_RUNPATH_SEARCH_PATHS = "$(inherited) @executable_path/Frameworks @loader_path/Frameworks";
				PRODUCT_BUNDLE_IDENTIFIER = nova.com.ImageAnnotationDemoTests;
				PRODUCT_NAME = "$(TARGET_NAME)";
				TEST_HOST = "$(BUILT_PRODUCTS_DIR)/ImageAnnotationDemo.app/ImageAnnotationDemo";
			};
			name = Debug;
		};
		409356261C62FBFF000DE41A /* Release */ = {
			isa = XCBuildConfiguration;
			buildSettings = {
				BUNDLE_LOADER = "$(TEST_HOST)";
				INFOPLIST_FILE = ImageAnnotationDemoTests/Info.plist;
				LD_RUNPATH_SEARCH_PATHS = "$(inherited) @executable_path/Frameworks @loader_path/Frameworks";
				PRODUCT_BUNDLE_IDENTIFIER = nova.com.ImageAnnotationDemoTests;
				PRODUCT_NAME = "$(TARGET_NAME)";
				TEST_HOST = "$(BUILT_PRODUCTS_DIR)/ImageAnnotationDemo.app/ImageAnnotationDemo";
			};
			name = Release;
		};
/* End XCBuildConfiguration section */

/* Begin XCConfigurationList section */
		409355FF1C62FBFF000DE41A /* Build configuration list for PBXProject "ImageAnnotationDemo" */ = {
			isa = XCConfigurationList;
			buildConfigurations = (
				4093561F1C62FBFF000DE41A /* Debug */,
				409356201C62FBFF000DE41A /* Release */,
			);
			defaultConfigurationIsVisible = 0;
			defaultConfigurationName = Release;
		};
		409356211C62FBFF000DE41A /* Build configuration list for PBXNativeTarget "ImageAnnotationDemo" */ = {
			isa = XCConfigurationList;
			buildConfigurations = (
				409356221C62FBFF000DE41A /* Debug */,
				409356231C62FBFF000DE41A /* Release */,
			);
			defaultConfigurationIsVisible = 0;
		};
		409356241C62FBFF000DE41A /* Build configuration list for PBXNativeTarget "ImageAnnotationDemoTests" */ = {
			isa = XCConfigurationList;
			buildConfigurations = (
				409356251C62FBFF000DE41A /* Debug */,
				409356261C62FBFF000DE41A /* Release */,
			);
			defaultConfigurationIsVisible = 0;
		};
/* End XCConfigurationList section */
	};
	rootObject = 409355FC1C62FBFF000DE41A /* Project object */;
}
